
Microsoft Visual Studio Solution File, Format Version 12.00
# Visual Studio 15
VisualStudioVersion = 15.0.27130.2020
MinimumVisualStudioVersion = 10.0.40219.1
Project("{9A19103F-16F7-4668-BE54-9A1E7A4F7556}") = "Api.Tests", "Api.Tests.csproj", "{A61B1941-E8BE-4563-9D75-F8571E728747}"
EndProject
Global
	GlobalSection(SolutionConfigurationPlatforms) = preSolution
		Debug|Any CPU = Debug|Any CPU
		Release|Any CPU = Release|Any CPU
	EndGlobalSection
	GlobalSection(ProjectConfigurationPlatforms) = postSolution
		{A61B1941-E8BE-4563-9D75-F8571E728747}.Debug|Any CPU.ActiveCfg = Debug|Any CPU
		{A61B1941-E8BE-4563-9D75-F8571E728747}.Debug|Any CPU.Build.0 = Debug|Any CPU
		{A61B1941-E8BE-4563-9D75-F8571E728747}.Release|Any CPU.ActiveCfg = Release|Any CPU
		{A61B1941-E8BE-4563-9D75-F8571E728747}.Release|Any CPU.Build.0 = Release|Any CPU
	EndGlobalSection
	GlobalSection(SolutionProperties) = preSolution
		HideSolutionNode = FALSE
	EndGlobalSection
	GlobalSection(ExtensibilityGlobals) = postSolution
		SolutionGuid = {88E78468-8D27-4966-9599-05101ADA200C}
	EndGlobalSection
EndGlobal
